// !$*UTF8*$!
{
	archiveVersion = 1;
	classes = {
	};
	objectVersion = 48;
	objects = {

/* Begin PBXBuildFile section */
		F160432E2011F9DF00394F71 /* AppDelegate.swift in Sources */ = {isa = PBXBuildFile; fileRef = F160432D2011F9DF00394F71 /* AppDelegate.swift */; };
		F16043302011F9DF00394F71 /* ViewController.swift in Sources */ = {isa = PBXBuildFile; fileRef = F160432F2011F9DF00394F71 /* ViewController.swift */; };
		F16043332011F9DF00394F71 /* Main.storyboard in Resources */ = {isa = PBXBuildFile; fileRef = F16043312011F9DF00394F71 /* Main.storyboard */; };
		F16043352011F9DF00394F71 /* Assets.xcassets in Resources */ = {isa = PBXBuildFile; fileRef = F16043342011F9DF00394F71 /* Assets.xcassets */; };
		F16043382011F9DF00394F71 /* LaunchScreen.storyboard in Resources */ = {isa = PBXBuildFile; fileRef = F16043362011F9DF00394F71 /* LaunchScreen.storyboard */; };
		F160436620132BA500394F71 /* BitmapBuffer.swift in Sources */ = {isa = PBXBuildFile; fileRef = F160436520132BA500394F71 /* BitmapBuffer.swift */; };
		F160436A2013999100394F71 /* Analyzer.swift in Sources */ = {isa = PBXBuildFile; fileRef = F16043692013999100394F71 /* Analyzer.swift */; };
		F1AA38512024D1B00051CC22 /* STANDING ALIVE.MOV in Resources */ = {isa = PBXBuildFile; fileRef = F1AA38502024D1AF0051CC22 /* STANDING ALIVE.MOV */; };
		F1F8F04220271E63002D867F /* FairyTaleじゃいられない.MOV in Resources */ = {isa = PBXBuildFile; fileRef = F1F8F04120271E63002D867F /* FairyTaleじゃいられない.MOV */; };
/* End PBXBuildFile section */

/* Begin PBXFileReference section */
		F160432A2011F9DF00394F71 /* scoreGenerator.app */ = {isa = PBXFileReference; explicitFileType = wrapper.application; includeInIndex = 0; path = scoreGenerator.app; sourceTree = BUILT_PRODUCTS_DIR; };
		F160432D2011F9DF00394F71 /* AppDelegate.swift */ = {isa = PBXFileReference; lastKnownFileType = sourcecode.swift; path = AppDelegate.swift; sourceTree = "<group>"; };
		F160432F2011F9DF00394F71 /* ViewController.swift */ = {isa = PBXFileReference; lastKnownFileType = sourcecode.swift; path = ViewController.swift; sourceTree = "<group>"; };
		F16043322011F9DF00394F71 /* Base */ = {isa = PBXFileReference; lastKnownFileType = file.storyboard; name = Base; path = Base.lproj/Main.storyboard; sourceTree = "<group>"; };
		F16043342011F9DF00394F71 /* Assets.xcassets */ = {isa = PBXFileReference; lastKnownFileType = folder.assetcatalog; path = Assets.xcassets; sourceTree = "<group>"; };
		F16043372011F9DF00394F71 /* Base */ = {isa = PBXFileReference; lastKnownFileType = file.storyboard; name = Base; path = Base.lproj/LaunchScreen.storyboard; sourceTree = "<group>"; };
		F16043392011F9DF00394F71 /* Info.plist */ = {isa = PBXFileReference; lastKnownFileType = text.plist.xml; path = Info.plist; sourceTree = "<group>"; };
		F160436520132BA500394F71 /* BitmapBuffer.swift */ = {isa = PBXFileReference; lastKnownFileType = sourcecode.swift; path = BitmapBuffer.swift; sourceTree = "<group>"; };
		F16043692013999100394F71 /* Analyzer.swift */ = {isa = PBXFileReference; lastKnownFileType = sourcecode.swift; path = Analyzer.swift; sourceTree = "<group>"; };
		F1AA38502024D1AF0051CC22 /* STANDING ALIVE.MOV */ = {isa = PBXFileReference; lastKnownFileType = video.quicktime; path = "STANDING ALIVE.MOV"; sourceTree = "<group>"; };
		F1F8F04120271E63002D867F /* FairyTaleじゃいられない.MOV */ = {isa = PBXFileReference; lastKnownFileType = video.quicktime; path = "FairyTaleじゃいられない.MOV"; sourceTree = "<group>"; };
/* End PBXFileReference section */

/* Begin PBXFrameworksBuildPhase section */
		F16043272011F9DF00394F71 /* Frameworks */ = {
			isa = PBXFrameworksBuildPhase;
			buildActionMask = 2147483647;
			files = (
			);
			runOnlyForDeploymentPostprocessing = 0;
		};
/* End PBXFrameworksBuildPhase section */

/* Begin PBXGroup section */
		F16043212011F9DF00394F71 = {
			isa = PBXGroup;
			children = (
				F160432C2011F9DF00394F71 /* scoreGenerator */,
				F160432B2011F9DF00394F71 /* Products */,
			);
			sourceTree = "<group>";
		};
		F160432B2011F9DF00394F71 /* Products */ = {
			isa = PBXGroup;
			children = (
				F160432A2011F9DF00394F71 /* scoreGenerator.app */,
			);
			name = Products;
			sourceTree = "<group>";
		};
		F160432C2011F9DF00394F71 /* scoreGenerator */ = {
			isa = PBXGroup;
			children = (
				F1F8F04120271E63002D867F /* FairyTaleじゃいられない.MOV */,
				F1AA38502024D1AF0051CC22 /* STANDING ALIVE.MOV */,
				F160432D2011F9DF00394F71 /* AppDelegate.swift */,
				F160432F2011F9DF00394F71 /* ViewController.swift */,
				F160436520132BA500394F71 /* BitmapBuffer.swift */,
				F16043312011F9DF00394F71 /* Main.storyboard */,
				F16043342011F9DF00394F71 /* Assets.xcassets */,
				F16043362011F9DF00394F71 /* LaunchScreen.storyboard */,
				F16043392011F9DF00394F71 /* Info.plist */,
				F16043692013999100394F71 /* Analyzer.swift */,
			);
			path = scoreGenerator;
			sourceTree = "<group>";
		};
/* End PBXGroup section */

/* Begin PBXNativeTarget section */
		F16043292011F9DF00394F71 /* scoreGenerator */ = {
			isa = PBXNativeTarget;
			buildConfigurationList = F160433C2011F9DF00394F71 /* Build configuration list for PBXNativeTarget "scoreGenerator" */;
			buildPhases = (
				F16043262011F9DF00394F71 /* Sources */,
				F16043272011F9DF00394F71 /* Frameworks */,
				F16043282011F9DF00394F71 /* Resources */,
			);
			buildRules = (
			);
			dependencies = (
			);
			name = scoreGenerator;
			productName = scoreGenerator;
			productReference = F160432A2011F9DF00394F71 /* scoreGenerator.app */;
			productType = "com.apple.product-type.application";
		};
/* End PBXNativeTarget section */

/* Begin PBXProject section */
		F16043222011F9DF00394F71 /* Project object */ = {
			isa = PBXProject;
			attributes = {
				LastSwiftUpdateCheck = 0920;
				LastUpgradeCheck = 0920;
				ORGANIZATIONNAME = "植田暢大";
				TargetAttributes = {
					F16043292011F9DF00394F71 = {
						CreatedOnToolsVersion = 9.2;
						ProvisioningStyle = Automatic;
					};
				};
			};
			buildConfigurationList = F16043252011F9DF00394F71 /* Build configuration list for PBXProject "scoreGenerator" */;
			compatibilityVersion = "Xcode 8.0";
			developmentRegion = en;
			hasScannedForEncodings = 0;
			knownRegions = (
				en,
				Base,
			);
			mainGroup = F16043212011F9DF00394F71;
			productRefGroup = F160432B2011F9DF00394F71 /* Products */;
			projectDirPath = "";
			projectRoot = "";
			targets = (
				F16043292011F9DF00394F71 /* scoreGenerator */,
			);
		};
/* End PBXProject section */

/* Begin PBXResourcesBuildPhase section */
		F16043282011F9DF00394F71 /* Resources */ = {
			isa = PBXResourcesBuildPhase;
			buildActionMask = 2147483647;
			files = (
				F1F8F04220271E63002D867F /* FairyTaleじゃいられない.MOV in Resources */,
				F16043382011F9DF00394F71 /* LaunchScreen.storyboard in Resources */,
				F16043352011F9DF00394F71 /* Assets.xcassets in Resources */,
				F16043332011F9DF00394F71 /* Main.storyboard in Resources */,
				F1AA38512024D1B00051CC22 /* STANDING ALIVE.MOV in Resources */,
			);
			runOnlyForDeploymentPostprocessing = 0;
		};
/* End PBXResourcesBuildPhase section */

/* Begin PBXSourcesBuildPhase section */
		F16043262011F9DF00394F71 /* Sources */ = {
			isa = PBXSourcesBuildPhase;
			buildActionMask = 2147483647;
			files = (
				F16043302011F9DF00394F71 /* ViewController.swift in Sources */,
				F160436620132BA500394F71 /* BitmapBuffer.swift in Sources */,
				F160432E2011F9DF00394F71 /* AppDelegate.swift in Sources */,
				F160436A2013999100394F71 /* Analyzer.swift in Sources */,
			);
			runOnlyForDeploymentPostprocessing = 0;
		};
/* End PBXSourcesBuildPhase section */

/* Begin PBXVariantGroup section */
		F16043312011F9DF00394F71 /* Main.storyboard */ = {
			isa = PBXVariantGroup;
			children = (
				F16043322011F9DF00394F71 /* Base */,
			);
			name = Main.storyboard;
			sourceTree = "<group>";
		};
		F16043362011F9DF00394F71 /* LaunchScreen.storyboard */ = {
			isa = PBXVariantGroup;
			children = (
				F16043372011F9DF00394F71 /* Base */,
			);
			name = LaunchScreen.storyboard;
			sourceTree = "<group>";
		};
/* End PBXVariantGroup section */

/* Begin XCBuildConfiguration section */
		F160433A2011F9DF00394F71 /* Debug */ = {
			isa = XCBuildConfiguration;
			buildSettings = {
				ALWAYS_SEARCH_USER_PATHS = NO;
				CLANG_ANALYZER_NONNULL = YES;
				CLANG_ANALYZER_NUMBER_OBJECT_CONVERSION = YES_AGGRESSIVE;
				CLANG_CXX_LANGUAGE_STANDARD = "gnu++14";
				CLANG_CXX_LIBRARY = "libc++";
				CLANG_ENABLE_MODULES = YES;
				CLANG_ENABLE_OBJC_ARC = YES;
				CLANG_WARN_BLOCK_CAPTURE_AUTORELEASING = YES;
				CLANG_WARN_BOOL_CONVERSION = YES;
				CLANG_WARN_COMMA = YES;
				CLANG_WARN_CONSTANT_CONVERSION = YES;
				CLANG_WARN_DIRECT_OBJC_ISA_USAGE = YES_ERROR;
				CLANG_WARN_DOCUMENTATION_COMMENTS = YES;
				CLANG_WARN_EMPTY_BODY = YES;
				CLANG_WARN_ENUM_CONVERSION = YES;
				CLANG_WARN_INFINITE_RECURSION = YES;
				CLANG_WARN_INT_CONVERSION = YES;
				CLANG_WARN_NON_LITERAL_NULL_CONVERSION = YES;
				CLANG_WARN_OBJC_LITERAL_CONVERSION = YES;
				CLANG_WARN_OBJC_ROOT_CLASS = YES_ERROR;
				CLANG_WARN_RANGE_LOOP_ANALYSIS = YES;
				CLANG_WARN_STRICT_PROTOTYPES = YES;
				CLANG_WARN_SUSPICIOUS_MOVE = YES;
				CLANG_WARN_UNGUARDED_AVAILABILITY = YES_AGGRESSIVE;
				CLANG_WARN_UNREACHABLE_CODE = YES;
				CLANG_WARN__DUPLICATE_METHOD_MATCH = YES;
				CODE_SIGN_IDENTITY = "iPhone Developer";
				COPY_PHASE_STRIP = NO;
				DEBUG_INFORMATION_FORMAT = dwarf;
				ENABLE_STRICT_OBJC_MSGSEND = YES;
				ENABLE_TESTABILITY = YES;
				GCC_C_LANGUAGE_STANDARD = gnu11;
				GCC_DYNAMIC_NO_PIC = NO;
				GCC_NO_COMMON_BLOCKS = YES;
				GCC_OPTIMIZATION_LEVEL = 0;
				GCC_PREPROCESSOR_DEFINITIONS = (
					"DEBUG=1",
					"$(inherited)",
				);
				GCC_WARN_64_TO_32_BIT_CONVERSION = YES;
				GCC_WARN_ABOUT_RETURN_TYPE = YES_ERROR;
				GCC_WARN_UNDECLARED_SELECTOR = YES;
				GCC_WARN_UNINITIALIZED_AUTOS = YES_AGGRESSIVE;
				GCC_WARN_UNUSED_FUNCTION = YES;
				GCC_WARN_UNUSED_VARIABLE = YES;
				IPHONEOS_DEPLOYMENT_TARGET = 11.2;
				MTL_ENABLE_DEBUG_INFO = YES;
				ONLY_ACTIVE_ARCH = YES;
				SDKROOT = iphoneos;
				SWIFT_ACTIVE_COMPILATION_CONDITIONS = DEBUG;
				SWIFT_OPTIMIZATION_LEVEL = "-Onone";
			};
			name = Debug;
		};
		F160433B2011F9DF00394F71 /* Release */ = {
			isa = XCBuildConfiguration;
			buildSettings = {
				ALWAYS_SEARCH_USER_PATHS = NO;
				CLANG_ANALYZER_NONNULL = YES;
				CLANG_ANALYZER_NUMBER_OBJECT_CONVERSION = YES_AGGRESSIVE;
				CLANG_CXX_LANGUAGE_STANDARD = "gnu++14";
				CLANG_CXX_LIBRARY = "libc++";
				CLANG_ENABLE_MODULES = YES;
				CLANG_ENABLE_OBJC_ARC = YES;
				CLANG_WARN_BLOCK_CAPTURE_AUTORELEASING = YES;
				CLANG_WARN_BOOL_CONVERSION = YES;
				CLANG_WARN_COMMA = YES;
				CLANG_WARN_CONSTANT_CONVERSION = YES;
				CLANG_WARN_DIRECT_OBJC_ISA_USAGE = YES_ERROR;
				CLANG_WARN_DOCUMENTATION_COMMENTS = YES;
				CLANG_WARN_EMPTY_BODY = YES;
				CLANG_WARN_ENUM_CONVERSION = YES;
				CLANG_WARN_INFINITE_RECURSION = YES;
				CLANG_WARN_INT_CONVERSION = YES;
				CLANG_WARN_NON_LITERAL_NULL_CONVERSION = YES;
				CLANG_WARN_OBJC_LITERAL_CONVERSION = YES;
				CLANG_WARN_OBJC_ROOT_CLASS = YES_ERROR;
				CLANG_WARN_RANGE_LOOP_ANALYSIS = YES;
				CLANG_WARN_STRICT_PROTOTYPES = YES;
				CLANG_WARN_SUSPICIOUS_MOVE = YES;
				CLANG_WARN_UNGUARDED_AVAILABILITY = YES_AGGRESSIVE;
				CLANG_WARN_UNREACHABLE_CODE = YES;
				CLANG_WARN__DUPLICATE_METHOD_MATCH = YES;
				CODE_SIGN_IDENTITY = "iPhone Developer";
				COPY_PHASE_STRIP = NO;
				DEBUG_INFORMATION_FORMAT = "dwarf-with-dsym";
				ENABLE_NS_ASSERTIONS = NO;
				ENABLE_STRICT_OBJC_MSGSEND = YES;
				GCC_C_LANGUAGE_STANDARD = gnu11;
				GCC_NO_COMMON_BLOCKS = YES;
				GCC_WARN_64_TO_32_BIT_CONVERSION = YES;
				GCC_WARN_ABOUT_RETURN_TYPE = YES_ERROR;
				GCC_WARN_UNDECLARED_SELECTOR = YES;
				GCC_WARN_UNINITIALIZED_AUTOS = YES_AGGRESSIVE;
				GCC_WARN_UNUSED_FUNCTION = YES;
				GCC_WARN_UNUSED_VARIABLE = YES;
				IPHONEOS_DEPLOYMENT_TARGET = 11.2;
				MTL_ENABLE_DEBUG_INFO = NO;
				SDKROOT = iphoneos;
				SWIFT_OPTIMIZATION_LEVEL = "-Owholemodule";
				VALIDATE_PRODUCT = YES;
			};
			name = Release;
		};
		F160433D2011F9DF00394F71 /* Debug */ = {
			isa = XCBuildConfiguration;
			buildSettings = {
				ASSETCATALOG_COMPILER_APPICON_NAME = AppIcon;
				"CODE_SIGN_IDENTITY[sdk=iphoneos*]" = "iPhone Developer";
				CODE_SIGN_STYLE = Automatic;
				DEVELOPMENT_TEAM = 5H677574QF;
				INFOPLIST_FILE = scoreGenerator/Info.plist;
				LD_RUNPATH_SEARCH_PATHS = "$(inherited) @executable_path/Frameworks";
				PRODUCT_BUNDLE_IDENTIFIER = com.ueda.scoreGenerator;
				PRODUCT_NAME = "$(TARGET_NAME)";
				PROVISIONING_PROFILE_SPECIFIER = "";
				SWIFT_VERSION = 4.0;
				TARGETED_DEVICE_FAMILY = "1,2";
			};
			name = Debug;
		};
		F160433E2011F9DF00394F71 /* Release */ = {
			isa = XCBuildConfiguration;
			buildSettings = {
				ASSETCATALOG_COMPILER_APPICON_NAME = AppIcon;
				"CODE_SIGN_IDENTITY[sdk=iphoneos*]" = "iPhone Developer";
				CODE_SIGN_STYLE = Automatic;
				DEVELOPMENT_TEAM = 5H677574QF;
				INFOPLIST_FILE = scoreGenerator/Info.plist;
				LD_RUNPATH_SEARCH_PATHS = "$(inherited) @executable_path/Frameworks";
				PRODUCT_BUNDLE_IDENTIFIER = com.ueda.scoreGenerator;
				PRODUCT_NAME = "$(TARGET_NAME)";
				PROVISIONING_PROFILE_SPECIFIER = "";
				SWIFT_VERSION = 4.0;
				TARGETED_DEVICE_FAMILY = "1,2";
			};
			name = Release;
		};
/* End XCBuildConfiguration section */

/* Begin XCConfigurationList section */
		F16043252011F9DF00394F71 /* Build configuration list for PBXProject "scoreGenerator" */ = {
			isa = XCConfigurationList;
			buildConfigurations = (
				F160433A2011F9DF00394F71 /* Debug */,
				F160433B2011F9DF00394F71 /* Release */,
			);
			defaultConfigurationIsVisible = 0;
			defaultConfigurationName = Release;
		};
		F160433C2011F9DF00394F71 /* Build configuration list for PBXNativeTarget "scoreGenerator" */ = {
			isa = XCConfigurationList;
			buildConfigurations = (
				F160433D2011F9DF00394F71 /* Debug */,
				F160433E2011F9DF00394F71 /* Release */,
			);
			defaultConfigurationIsVisible = 0;
			defaultConfigurationName = Release;
		};
/* End XCConfigurationList section */
	};
	rootObject = F16043222011F9DF00394F71 /* Project object */;
}
